
Microsoft Visual Studio Solution File, Format Version 12.00
# Visual Studio Version 17
VisualStudioVersion = 17.4.33122.133
MinimumVisualStudioVersion = 10.0.40219.1
Project("{8BC9CEB8-8B4A-11D0-8D11-00A0C91BC942}") = "Quiz8TicTacToe", "Quiz8TicTacToe\Quiz8TicTacToe.vcxproj", "{19BAE621-4D08-495C-B86F-4591E14F299F}"
EndProject
Global
	GlobalSection(SolutionConfigurationPlatforms) = preSolution
		Debug|x64 = Debug|x64
		Debug|x86 = Debug|x86
		Release|x64 = Release|x64
		Release|x86 = Release|x86
	EndGlobalSection
	GlobalSection(ProjectConfigurationPlatforms) = postSolution
		{19BAE621-4D08-495C-B86F-4591E14F299F}.Debug|x64.ActiveCfg = Debug|x64
		{19BAE621-4D08-495C-B86F-4591E14F299F}.Debug|x64.Build.0 = Debug|x64
		{19BAE621-4D08-495C-B86F-4591E14F299F}.Debug|x86.ActiveCfg = Debug|Win32
		{19BAE621-4D08-495C-B86F-4591E14F299F}.Debug|x86.Build.0 = Debug|Win32
		{19BAE621-4D08-495C-B86F-4591E14F299F}.Release|x64.ActiveCfg = Release|x64
		{19BAE621-4D08-495C-B86F-4591E14F299F}.Release|x64.Build.0 = Release|x64
		{19BAE621-4D08-495C-B86F-4591E14F299F}.Release|x86.ActiveCfg = Release|Win32
		{19BAE621-4D08-495C-B86F-4591E14F299F}.Release|x86.Build.0 = Release|Win32
	EndGlobalSection
	GlobalSection(SolutionProperties) = preSolution
		HideSolutionNode = FALSE
	EndGlobalSection
	GlobalSection(ExtensibilityGlobals) = postSolution
		SolutionGuid = {1A0D0957-4819-428C-9402-EB715F69F8F6}
	EndGlobalSection
EndGlobal
